// !$*UTF8*$!
{
	archiveVersion = 1;
	classes = {
	};
	objectVersion = 46;
	objects = {

/* Begin PBXBuildFile section */
		4D5CB46B193C831A001378EE /* Foundation.framework in Frameworks */ = {isa = PBXBuildFile; fileRef = 4D5CB46A193C831A001378EE /* Foundation.framework */; };
		4D5CB46D193C831A001378EE /* CoreGraphics.framework in Frameworks */ = {isa = PBXBuildFile; fileRef = 4D5CB46C193C831A001378EE /* CoreGraphics.framework */; };
		4D5CB46F193C831A001378EE /* UIKit.framework in Frameworks */ = {isa = PBXBuildFile; fileRef = 4D5CB46E193C831A001378EE /* UIKit.framework */; };
		4D5CB475193C831A001378EE /* InfoPlist.strings in Resources */ = {isa = PBXBuildFile; fileRef = 4D5CB473193C831A001378EE /* InfoPlist.strings */; };
		4D5CB477193C831A001378EE /* main.m in Sources */ = {isa = PBXBuildFile; fileRef = 4D5CB476193C831A001378EE /* main.m */; };
		4D5CB47B193C831A001378EE /* AppDelegate.m in Sources */ = {isa = PBXBuildFile; fileRef = 4D5CB47A193C831A001378EE /* AppDelegate.m */; };
		4D5CB47D193C831A001378EE /* Images.xcassets in Resources */ = {isa = PBXBuildFile; fileRef = 4D5CB47C193C831A001378EE /* Images.xcassets */; };
		4D5CB484193C831A001378EE /* XCTest.framework in Frameworks */ = {isa = PBXBuildFile; fileRef = 4D5CB483193C831A001378EE /* XCTest.framework */; };
		4D5CB485193C831A001378EE /* Foundation.framework in Frameworks */ = {isa = PBXBuildFile; fileRef = 4D5CB46A193C831A001378EE /* Foundation.framework */; };
		4D5CB486193C831A001378EE /* UIKit.framework in Frameworks */ = {isa = PBXBuildFile; fileRef = 4D5CB46E193C831A001378EE /* UIKit.framework */; };
		4D5CB48E193C831A001378EE /* InfoPlist.strings in Resources */ = {isa = PBXBuildFile; fileRef = 4D5CB48C193C831A001378EE /* InfoPlist.strings */; };
		4D5CB490193C831A001378EE /* JWBNativeTests.m in Sources */ = {isa = PBXBuildFile; fileRef = 4D5CB48F193C831A001378EE /* JWBNativeTests.m */; };
/* End PBXBuildFile section */

/* Begin PBXContainerItemProxy section */
		4D5CB487193C831A001378EE /* PBXContainerItemProxy */ = {
			isa = PBXContainerItemProxy;
			containerPortal = 4D5CB45F193C831A001378EE /* Project object */;
			proxyType = 1;
			remoteGlobalIDString = 4D5CB466193C831A001378EE;
			remoteInfo = JWBNative;
		};
/* End PBXContainerItemProxy section */

/* Begin PBXFileReference section */
		4D5CB467193C831A001378EE /* JWBNative.app */ = {isa = PBXFileReference; explicitFileType = wrapper.application; includeInIndex = 0; path = JWBNative.app; sourceTree = BUILT_PRODUCTS_DIR; };
		4D5CB46A193C831A001378EE /* Foundation.framework */ = {isa = PBXFileReference; lastKnownFileType = wrapper.framework; name = Foundation.framework; path = System/Library/Frameworks/Foundation.framework; sourceTree = SDKROOT; };
		4D5CB46C193C831A001378EE /* CoreGraphics.framework */ = {isa = PBXFileReference; lastKnownFileType = wrapper.framework; name = CoreGraphics.framework; path = System/Library/Frameworks/CoreGraphics.framework; sourceTree = SDKROOT; };
		4D5CB46E193C831A001378EE /* UIKit.framework */ = {isa = PBXFileReference; lastKnownFileType = wrapper.framework; name = UIKit.framework; path = System/Library/Frameworks/UIKit.framework; sourceTree = SDKROOT; };
		4D5CB472193C831A001378EE /* JWBNative-Info.plist */ = {isa = PBXFileReference; lastKnownFileType = text.plist.xml; path = "JWBNative-Info.plist"; sourceTree = "<group>"; };
		4D5CB474193C831A001378EE /* en */ = {isa = PBXFileReference; lastKnownFileType = text.plist.strings; name = en; path = en.lproj/InfoPlist.strings; sourceTree = "<group>"; };
		4D5CB476193C831A001378EE /* main.m */ = {isa = PBXFileReference; lastKnownFileType = sourcecode.c.objc; path = main.m; sourceTree = "<group>"; };
		4D5CB478193C831A001378EE /* JWBNative-Prefix.pch */ = {isa = PBXFileReference; lastKnownFileType = sourcecode.c.h; path = "JWBNative-Prefix.pch"; sourceTree = "<group>"; };
		4D5CB479193C831A001378EE /* AppDelegate.h */ = {isa = PBXFileReference; lastKnownFileType = sourcecode.c.h; path = AppDelegate.h; sourceTree = "<group>"; };
		4D5CB47A193C831A001378EE /* AppDelegate.m */ = {isa = PBXFileReference; lastKnownFileType = sourcecode.c.objc; path = AppDelegate.m; sourceTree = "<group>"; };
		4D5CB47C193C831A001378EE /* Images.xcassets */ = {isa = PBXFileReference; lastKnownFileType = folder.assetcatalog; path = Images.xcassets; sourceTree = "<group>"; };
		4D5CB482193C831A001378EE /* JWBNativeTests.xctest */ = {isa = PBXFileReference; explicitFileType = wrapper.cfbundle; includeInIndex = 0; path = JWBNativeTests.xctest; sourceTree = BUILT_PRODUCTS_DIR; };
		4D5CB483193C831A001378EE /* XCTest.framework */ = {isa = PBXFileReference; lastKnownFileType = wrapper.framework; name = XCTest.framework; path = Library/Frameworks/XCTest.framework; sourceTree = DEVELOPER_DIR; };
		4D5CB48B193C831A001378EE /* JWBNativeTests-Info.plist */ = {isa = PBXFileReference; lastKnownFileType = text.plist.xml; path = "JWBNativeTests-Info.plist"; sourceTree = "<group>"; };
		4D5CB48D193C831A001378EE /* en */ = {isa = PBXFileReference; lastKnownFileType = text.plist.strings; name = en; path = en.lproj/InfoPlist.strings; sourceTree = "<group>"; };
		4D5CB48F193C831A001378EE /* JWBNativeTests.m */ = {isa = PBXFileReference; lastKnownFileType = sourcecode.c.objc; path = JWBNativeTests.m; sourceTree = "<group>"; };
/* End PBXFileReference section */

/* Begin PBXFrameworksBuildPhase section */
		4D5CB464193C831A001378EE /* Frameworks */ = {
			isa = PBXFrameworksBuildPhase;
			buildActionMask = 2147483647;
			files = (
				4D5CB46D193C831A001378EE /* CoreGraphics.framework in Frameworks */,
				4D5CB46F193C831A001378EE /* UIKit.framework in Frameworks */,
				4D5CB46B193C831A001378EE /* Foundation.framework in Frameworks */,
			);
			runOnlyForDeploymentPostprocessing = 0;
		};
		4D5CB47F193C831A001378EE /* Frameworks */ = {
			isa = PBXFrameworksBuildPhase;
			buildActionMask = 2147483647;
			files = (
				4D5CB484193C831A001378EE /* XCTest.framework in Frameworks */,
				4D5CB486193C831A001378EE /* UIKit.framework in Frameworks */,
				4D5CB485193C831A001378EE /* Foundation.framework in Frameworks */,
			);
			runOnlyForDeploymentPostprocessing = 0;
		};
/* End PBXFrameworksBuildPhase section */

/* Begin PBXGroup section */
		4D5CB45E193C831A001378EE = {
			isa = PBXGroup;
			children = (
				4D5CB470193C831A001378EE /* JWBNative */,
				4D5CB489193C831A001378EE /* JWBNativeTests */,
				4D5CB469193C831A001378EE /* Frameworks */,
				4D5CB468193C831A001378EE /* Products */,
			);
			sourceTree = "<group>";
		};
		4D5CB468193C831A001378EE /* Products */ = {
			isa = PBXGroup;
			children = (
				4D5CB467193C831A001378EE /* JWBNative.app */,
				4D5CB482193C831A001378EE /* JWBNativeTests.xctest */,
			);
			name = Products;
			sourceTree = "<group>";
		};
		4D5CB469193C831A001378EE /* Frameworks */ = {
			isa = PBXGroup;
			children = (
				4D5CB46A193C831A001378EE /* Foundation.framework */,
				4D5CB46C193C831A001378EE /* CoreGraphics.framework */,
				4D5CB46E193C831A001378EE /* UIKit.framework */,
				4D5CB483193C831A001378EE /* XCTest.framework */,
			);
			name = Frameworks;
			sourceTree = "<group>";
		};
		4D5CB470193C831A001378EE /* JWBNative */ = {
			isa = PBXGroup;
			children = (
				4D5CB479193C831A001378EE /* AppDelegate.h */,
				4D5CB47A193C831A001378EE /* AppDelegate.m */,
				4D5CB47C193C831A001378EE /* Images.xcassets */,
				4D5CB471193C831A001378EE /* Supporting Files */,
			);
			path = JWBNative;
			sourceTree = "<group>";
		};
		4D5CB471193C831A001378EE /* Supporting Files */ = {
			isa = PBXGroup;
			children = (
				4D5CB472193C831A001378EE /* JWBNative-Info.plist */,
				4D5CB473193C831A001378EE /* InfoPlist.strings */,
				4D5CB476193C831A001378EE /* main.m */,
				4D5CB478193C831A001378EE /* JWBNative-Prefix.pch */,
			);
			name = "Supporting Files";
			sourceTree = "<group>";
		};
		4D5CB489193C831A001378EE /* JWBNativeTests */ = {
			isa = PBXGroup;
			children = (
				4D5CB48F193C831A001378EE /* JWBNativeTests.m */,
				4D5CB48A193C831A001378EE /* Supporting Files */,
			);
			path = JWBNativeTests;
			sourceTree = "<group>";
		};
		4D5CB48A193C831A001378EE /* Supporting Files */ = {
			isa = PBXGroup;
			children = (
				4D5CB48B193C831A001378EE /* JWBNativeTests-Info.plist */,
				4D5CB48C193C831A001378EE /* InfoPlist.strings */,
			);
			name = "Supporting Files";
			sourceTree = "<group>";
		};
/* End PBXGroup section */

/* Begin PBXNativeTarget section */
		4D5CB466193C831A001378EE /* JWBNative */ = {
			isa = PBXNativeTarget;
			buildConfigurationList = 4D5CB493193C831A001378EE /* Build configuration list for PBXNativeTarget "JWBNative" */;
			buildPhases = (
				4D5CB463193C831A001378EE /* Sources */,
				4D5CB464193C831A001378EE /* Frameworks */,
				4D5CB465193C831A001378EE /* Resources */,
			);
			buildRules = (
			);
			dependencies = (
			);
			name = JWBNative;
			productName = JWBNative;
			productReference = 4D5CB467193C831A001378EE /* JWBNative.app */;
			productType = "com.apple.product-type.application";
		};
		4D5CB481193C831A001378EE /* JWBNativeTests */ = {
			isa = PBXNativeTarget;
			buildConfigurationList = 4D5CB496193C831A001378EE /* Build configuration list for PBXNativeTarget "JWBNativeTests" */;
			buildPhases = (
				4D5CB47E193C831A001378EE /* Sources */,
				4D5CB47F193C831A001378EE /* Frameworks */,
				4D5CB480193C831A001378EE /* Resources */,
			);
			buildRules = (
			);
			dependencies = (
				4D5CB488193C831A001378EE /* PBXTargetDependency */,
			);
			name = JWBNativeTests;
			productName = JWBNativeTests;
			productReference = 4D5CB482193C831A001378EE /* JWBNativeTests.xctest */;
			productType = "com.apple.product-type.bundle.unit-test";
		};
/* End PBXNativeTarget section */

/* Begin PBXProject section */
		4D5CB45F193C831A001378EE /* Project object */ = {
			isa = PBXProject;
			attributes = {
				LastUpgradeCheck = 0510;
				ORGANIZATIONNAME = CSDC;
				TargetAttributes = {
					4D5CB481193C831A001378EE = {
						TestTargetID = 4D5CB466193C831A001378EE;
					};
				};
			};
			buildConfigurationList = 4D5CB462193C831A001378EE /* Build configuration list for PBXProject "JWBNative" */;
			compatibilityVersion = "Xcode 3.2";
			developmentRegion = English;
			hasScannedForEncodings = 0;
			knownRegions = (
				en,
			);
			mainGroup = 4D5CB45E193C831A001378EE;
			productRefGroup = 4D5CB468193C831A001378EE /* Products */;
			projectDirPath = "";
			projectRoot = "";
			targets = (
				4D5CB466193C831A001378EE /* JWBNative */,
				4D5CB481193C831A001378EE /* JWBNativeTests */,
			);
		};
/* End PBXProject section */

/* Begin PBXResourcesBuildPhase section */
		4D5CB465193C831A001378EE /* Resources */ = {
			isa = PBXResourcesBuildPhase;
			buildActionMask = 2147483647;
			files = (
				4D5CB475193C831A001378EE /* InfoPlist.strings in Resources */,
				4D5CB47D193C831A001378EE /* Images.xcassets in Resources */,
			);
			runOnlyForDeploymentPostprocessing = 0;
		};
		4D5CB480193C831A001378EE /* Resources */ = {
			isa = PBXResourcesBuildPhase;
			buildActionMask = 2147483647;
			files = (
				4D5CB48E193C831A001378EE /* InfoPlist.strings in Resources */,
			);
			runOnlyForDeploymentPostprocessing = 0;
		};
/* End PBXResourcesBuildPhase section */

/* Begin PBXSourcesBuildPhase section */
		4D5CB463193C831A001378EE /* Sources */ = {
			isa = PBXSourcesBuildPhase;
			buildActionMask = 2147483647;
			files = (
				4D5CB47B193C831A001378EE /* AppDelegate.m in Sources */,
				4D5CB477193C831A001378EE /* main.m in Sources */,
			);
			runOnlyForDeploymentPostprocessing = 0;
		};
		4D5CB47E193C831A001378EE /* Sources */ = {
			isa = PBXSourcesBuildPhase;
			buildActionMask = 2147483647;
			files = (
				4D5CB490193C831A001378EE /* JWBNativeTests.m in Sources */,
			);
			runOnlyForDeploymentPostprocessing = 0;
		};
/* End PBXSourcesBuildPhase section */

/* Begin PBXTargetDependency section */
		4D5CB488193C831A001378EE /* PBXTargetDependency */ = {
			isa = PBXTargetDependency;
			target = 4D5CB466193C831A001378EE /* JWBNative */;
			targetProxy = 4D5CB487193C831A001378EE /* PBXContainerItemProxy */;
		};
/* End PBXTargetDependency section */

/* Begin PBXVariantGroup section */
		4D5CB473193C831A001378EE /* InfoPlist.strings */ = {
			isa = PBXVariantGroup;
			children = (
				4D5CB474193C831A001378EE /* en */,
			);
			name = InfoPlist.strings;
			sourceTree = "<group>";
		};
		4D5CB48C193C831A001378EE /* InfoPlist.strings */ = {
			isa = PBXVariantGroup;
			children = (
				4D5CB48D193C831A001378EE /* en */,
			);
			name = InfoPlist.strings;
			sourceTree = "<group>";
		};
/* End PBXVariantGroup section */

/* Begin XCBuildConfiguration section */
		4D5CB491193C831A001378EE /* Debug */ = {
			isa = XCBuildConfiguration;
			buildSettings = {
				ALWAYS_SEARCH_USER_PATHS = NO;
				CLANG_CXX_LANGUAGE_STANDARD = "gnu++0x";
				CLANG_CXX_LIBRARY = "libc++";
				CLANG_ENABLE_MODULES = YES;
				CLANG_ENABLE_OBJC_ARC = YES;
				CLANG_WARN_BOOL_CONVERSION = YES;
				CLANG_WARN_CONSTANT_CONVERSION = YES;
				CLANG_WARN_DIRECT_OBJC_ISA_USAGE = YES_ERROR;
				CLANG_WARN_EMPTY_BODY = YES;
				CLANG_WARN_ENUM_CONVERSION = YES;
				CLANG_WARN_INT_CONVERSION = YES;
				CLANG_WARN_OBJC_ROOT_CLASS = YES_ERROR;
				CLANG_WARN__DUPLICATE_METHOD_MATCH = YES;
				"CODE_SIGN_IDENTITY[sdk=iphoneos*]" = "iPhone Developer";
				COPY_PHASE_STRIP = NO;
				GCC_C_LANGUAGE_STANDARD = gnu99;
				GCC_DYNAMIC_NO_PIC = NO;
				GCC_OPTIMIZATION_LEVEL = 0;
				GCC_PREPROCESSOR_DEFINITIONS = (
					"DEBUG=1",
					"$(inherited)",
				);
				GCC_SYMBOLS_PRIVATE_EXTERN = NO;
				GCC_WARN_64_TO_32_BIT_CONVERSION = YES;
				GCC_WARN_ABOUT_RETURN_TYPE = YES_ERROR;
				GCC_WARN_UNDECLARED_SELECTOR = YES;
				GCC_WARN_UNINITIALIZED_AUTOS = YES_AGGRESSIVE;
				GCC_WARN_UNUSED_FUNCTION = YES;
				GCC_WARN_UNUSED_VARIABLE = YES;
				IPHONEOS_DEPLOYMENT_TARGET = 7.1;
				ONLY_ACTIVE_ARCH = YES;
				SDKROOT = iphoneos;
				TARGETED_DEVICE_FAMILY = 2;
			};
			name = Debug;
		};
		4D5CB492193C831A001378EE /* Release */ = {
			isa = XCBuildConfiguration;
			buildSettings = {
				ALWAYS_SEARCH_USER_PATHS = NO;
				CLANG_CXX_LANGUAGE_STANDARD = "gnu++0x";
				CLANG_CXX_LIBRARY = "libc++";
				CLANG_ENABLE_MODULES = YES;
				CLANG_ENABLE_OBJC_ARC = YES;
				CLANG_WARN_BOOL_CONVERSION = YES;
				CLANG_WARN_CONSTANT_CONVERSION = YES;
				CLANG_WARN_DIRECT_OBJC_ISA_USAGE = YES_ERROR;
				CLANG_WARN_EMPTY_BODY = YES;
				CLANG_WARN_ENUM_CONVERSION = YES;
				CLANG_WARN_INT_CONVERSION = YES;
				CLANG_WARN_OBJC_ROOT_CLASS = YES_ERROR;
				CLANG_WARN__DUPLICATE_METHOD_MATCH = YES;
				"CODE_SIGN_IDENTITY[sdk=iphoneos*]" = "iPhone Developer";
				COPY_PHASE_STRIP = YES;
				ENABLE_NS_ASSERTIONS = NO;
				GCC_C_LANGUAGE_STANDARD = gnu99;
				GCC_WARN_64_TO_32_BIT_CONVERSION = YES;
				GCC_WARN_ABOUT_RETURN_TYPE = YES_ERROR;
				GCC_WARN_UNDECLARED_SELECTOR = YES;
				GCC_WARN_UNINITIALIZED_AUTOS = YES_AGGRESSIVE;
				GCC_WARN_UNUSED_FUNCTION = YES;
				GCC_WARN_UNUSED_VARIABLE = YES;
				IPHONEOS_DEPLOYMENT_TARGET = 7.1;
				SDKROOT = iphoneos;
				TARGETED_DEVICE_FAMILY = 2;
				VALIDATE_PRODUCT = YES;
			};
			name = Release;
		};
		4D5CB494193C831A001378EE /* Debug */ = {
			isa = XCBuildConfiguration;
			buildSettings = {
				ASSETCATALOG_COMPILER_APPICON_NAME = AppIcon;
				ASSETCATALOG_COMPILER_LAUNCHIMAGE_NAME = LaunchImage;
				GCC_PRECOMPILE_PREFIX_HEADER = YES;
				GCC_PREFIX_HEADER = "JWBNative/JWBNative-Prefix.pch";
				INFOPLIST_FILE = "JWBNative/JWBNative-Info.plist";
				PRODUCT_NAME = "$(TARGET_NAME)";
				WRAPPER_EXTENSION = app;
			};
			name = Debug;
		};
		4D5CB495193C831A001378EE /* Release */ = {
			isa = XCBuildConfiguration;
			buildSettings = {
				ASSETCATALOG_COMPILER_APPICON_NAME = AppIcon;
				ASSETCATALOG_COMPILER_LAUNCHIMAGE_NAME = LaunchImage;
				GCC_PRECOMPILE_PREFIX_HEADER = YES;
				GCC_PREFIX_HEADER = "JWBNative/JWBNative-Prefix.pch";
				INFOPLIST_FILE = "JWBNative/JWBNative-Info.plist";
				PRODUCT_NAME = "$(TARGET_NAME)";
				WRAPPER_EXTENSION = app;
			};
			name = Release;
		};
		4D5CB497193C831A001378EE /* Debug */ = {
			isa = XCBuildConfiguration;
			buildSettings = {
				BUNDLE_LOADER = "$(BUILT_PRODUCTS_DIR)/JWBNative.app/JWBNative";
				FRAMEWORK_SEARCH_PATHS = (
					"$(SDKROOT)/Developer/Library/Frameworks",
					"$(inherited)",
					"$(DEVELOPER_FRAMEWORKS_DIR)",
				);
				GCC_PRECOMPILE_PREFIX_HEADER = YES;
				GCC_PREFIX_HEADER = "JWBNative/JWBNative-Prefix.pch";
				GCC_PREPROCESSOR_DEFINITIONS = (
					"DEBUG=1",
					"$(inherited)",
				);
				INFOPLIST_FILE = "JWBNativeTests/JWBNativeTests-Info.plist";
				PRODUCT_NAME = "$(TARGET_NAME)";
				TEST_HOST = "$(BUNDLE_LOADER)";
				WRAPPER_EXTENSION = xctest;
			};
			name = Debug;
		};
		4D5CB498193C831A001378EE /* Release */ = {
			isa = XCBuildConfiguration;
			buildSettings = {
				BUNDLE_LOADER = "$(BUILT_PRODUCTS_DIR)/JWBNative.app/JWBNative";
				FRAMEWORK_SEARCH_PATHS = (
					"$(SDKROOT)/Developer/Library/Frameworks",
					"$(inherited)",
					"$(DEVELOPER_FRAMEWORKS_DIR)",
				);
				GCC_PRECOMPILE_PREFIX_HEADER = YES;
				GCC_PREFIX_HEADER = "JWBNative/JWBNative-Prefix.pch";
				INFOPLIST_FILE = "JWBNativeTests/JWBNativeTests-Info.plist";
				PRODUCT_NAME = "$(TARGET_NAME)";
				TEST_HOST = "$(BUNDLE_LOADER)";
				WRAPPER_EXTENSION = xctest;
			};
			name = Release;
		};
/* End XCBuildConfiguration section */

/* Begin XCConfigurationList section */
		4D5CB462193C831A001378EE /* Build configuration list for PBXProject "JWBNative" */ = {
			isa = XCConfigurationList;
			buildConfigurations = (
				4D5CB491193C831A001378EE /* Debug */,
				4D5CB492193C831A001378EE /* Release */,
			);
			defaultConfigurationIsVisible = 0;
			defaultConfigurationName = Release;
		};
		4D5CB493193C831A001378EE /* Build configuration list for PBXNativeTarget "JWBNative" */ = {
			isa = XCConfigurationList;
			buildConfigurations = (
				4D5CB494193C831A001378EE /* Debug */,
				4D5CB495193C831A001378EE /* Release */,
			);
			defaultConfigurationIsVisible = 0;
		};
		4D5CB496193C831A001378EE /* Build configuration list for PBXNativeTarget "JWBNativeTests" */ = {
			isa = XCConfigurationList;
			buildConfigurations = (
				4D5CB497193C831A001378EE /* Debug */,
				4D5CB498193C831A001378EE /* Release */,
			);
			defaultConfigurationIsVisible = 0;
		};
/* End XCConfigurationList section */
	};
	rootObject = 4D5CB45F193C831A001378EE /* Project object */;
}
